<?xml version="1.0" encoding="utf-8"?>
<Project ToolsVersion="16.0" xmlns="http://schemas.microsoft.com/developer/msbuild/2003">
  <ItemGroup>
    <ClCompile Include="C:\Users\BorutJegrisnik\source\repos\sigar\src\os\win32\peb.c">
      <Filter>Source Files</Filter>
    </ClCompile>
    <ClCompile Include="C:\Users\BorutJegrisnik\source\repos\sigar\src\os\win32\win32_sigar.c">
      <Filter>Source Files</Filter>
    </ClCompile>
    <ClCompile Include="C:\Users\BorutJegrisnik\source\repos\sigar\src\sigar.c">
      <Filter>Source Files</Filter>
    </ClCompile>
    <ClCompile Include="C:\Users\BorutJegrisnik\source\repos\sigar\src\sigar_cache.c">
      <Filter>Source Files</Filter>
    </ClCompile>
    <ClCompile Include="C:\Users\BorutJegrisnik\source\repos\sigar\src\sigar_fileinfo.c">
      <Filter>Source Files</Filter>
    </ClCompile>
    <ClCompile Include="C:\Users\BorutJegrisnik\source\repos\sigar\src\sigar_format.c">
      <Filter>Source Files</Filter>
    </ClCompile>
    <ClCompile Include="C:\Users\BorutJegrisnik\source\repos\sigar\src\sigar_getline.c">
      <Filter>Source Files</Filter>
    </ClCompile>
    <ClCompile Include="C:\Users\BorutJegrisnik\source\repos\sigar\src\sigar_ptql.c">
      <Filter>Source Files</Filter>
    </ClCompile>
    <ClCompile Include="C:\Users\BorutJegrisnik\source\repos\sigar\src\sigar_signal.c">
      <Filter>Source Files</Filter>
    </ClCompile>
    <ClCompile Include="C:\Users\BorutJegrisnik\source\repos\sigar\src\sigar_util.c">
      <Filter>Source Files</Filter>
    </ClCompile>
    <ClCompile Include="..\src\os\win32\wmi.cpp">
      <Filter>Source Files</Filter>
    </ClCompile>
  </ItemGroup>
  <ItemGroup>
    <CustomBuild Include="C:\Users\BorutJegrisnik\source\repos\sigar\src\CMakeLists.txt" />
  </ItemGroup>
  <ItemGroup>
    <Filter Include="Source Files">
      <UniqueIdentifier>{B7CD5E81-D33A-37C1-AE8A-8E651625880B}</UniqueIdentifier>
    </Filter>
  </ItemGroup>
</Project>