
Microsoft Visual Studio Solution File, Format Version 12.00
# Visual Studio Version 16
Project("{8BC9CEB8-8B4A-11D0-8D11-00A0C91BC942}") = "ALL_BUILD", "ALL_BUILD.vcxproj", "{3CFE88D4-E3F5-39B2-83C3-8C4096DF5AC4}"
	ProjectSection(ProjectDependencies) = postProject
		{C2DF4EB2-A0B4-3288-9FED-D4D3888D9D3B} = {C2DF4EB2-A0B4-3288-9FED-D4D3888D9D3B}
		{6A41A5D7-1A84-3EA3-A4DE-CB661167C339} = {6A41A5D7-1A84-3EA3-A4DE-CB661167C339}
		{2CA46383-215E-37DB-A9D9-4FFFDA17C153} = {2CA46383-215E-37DB-A9D9-4FFFDA17C153}
		{EF0A9020-B72B-3BF4-8207-95B5DF125D58} = {EF0A9020-B72B-3BF4-8207-95B5DF125D58}
		{F1224917-9CAA-38EA-8E43-43ADD233794D} = {F1224917-9CAA-38EA-8E43-43ADD233794D}
		{A640824C-F9D4-3D44-AEAC-47F50EF30E4D} = {A640824C-F9D4-3D44-AEAC-47F50EF30E4D}
		{F89A6C4B-201D-3EB1-A7AC-63C18302901A} = {F89A6C4B-201D-3EB1-A7AC-63C18302901A}
		{E579959B-396D-3B4D-8134-1CD04FB922E6} = {E579959B-396D-3B4D-8134-1CD04FB922E6}
		{C5979CE4-72E6-3435-886E-3D8B6B011E24} = {C5979CE4-72E6-3435-886E-3D8B6B011E24}
		{FD751BFD-E811-39E5-B9C5-C54DC41F83C8} = {FD751BFD-E811-39E5-B9C5-C54DC41F83C8}
		{489F67E0-288F-33E8-B0DD-D8951FE72D09} = {489F67E0-288F-33E8-B0DD-D8951FE72D09}
		{15076FD5-CBB2-33A1-B7C8-C73E6209F4C3} = {15076FD5-CBB2-33A1-B7C8-C73E6209F4C3}
		{017B417B-B58D-38BB-9634-967DA6E6EEED} = {017B417B-B58D-38BB-9634-967DA6E6EEED}
		{AA2C8DBA-AF81-3361-BA32-8856E8DFBCC2} = {AA2C8DBA-AF81-3361-BA32-8856E8DFBCC2}
	EndProjectSection
EndProject
Project("{8BC9CEB8-8B4A-11D0-8D11-00A0C91BC942}") = "Continuous", "Continuous.vcxproj", "{A2A0476A-0E49-3734-A8C8-0ED0B8A0626D}"
	ProjectSection(ProjectDependencies) = postProject
		{C2DF4EB2-A0B4-3288-9FED-D4D3888D9D3B} = {C2DF4EB2-A0B4-3288-9FED-D4D3888D9D3B}
	EndProjectSection
EndProject
Project("{8BC9CEB8-8B4A-11D0-8D11-00A0C91BC942}") = "Experimental", "Experimental.vcxproj", "{384E5EF8-939D-3D6E-A975-2235B03A788F}"
	ProjectSection(ProjectDependencies) = postProject
		{C2DF4EB2-A0B4-3288-9FED-D4D3888D9D3B} = {C2DF4EB2-A0B4-3288-9FED-D4D3888D9D3B}
	EndProjectSection
EndProject
Project("{8BC9CEB8-8B4A-11D0-8D11-00A0C91BC942}") = "INSTALL", "INSTALL.vcxproj", "{6CBB0E13-36D3-301B-92F1-7844FA528AB7}"
	ProjectSection(ProjectDependencies) = postProject
		{3CFE88D4-E3F5-39B2-83C3-8C4096DF5AC4} = {3CFE88D4-E3F5-39B2-83C3-8C4096DF5AC4}
		{C2DF4EB2-A0B4-3288-9FED-D4D3888D9D3B} = {C2DF4EB2-A0B4-3288-9FED-D4D3888D9D3B}
	EndProjectSection
EndProject
Project("{8BC9CEB8-8B4A-11D0-8D11-00A0C91BC942}") = "Nightly", "Nightly.vcxproj", "{1EC69003-A14E-31ED-A277-BB35196DE39D}"
	ProjectSection(ProjectDependencies) = postProject
		{C2DF4EB2-A0B4-3288-9FED-D4D3888D9D3B} = {C2DF4EB2-A0B4-3288-9FED-D4D3888D9D3B}
	EndProjectSection
EndProject
Project("{8BC9CEB8-8B4A-11D0-8D11-00A0C91BC942}") = "NightlyMemoryCheck", "NightlyMemoryCheck.vcxproj", "{2673747C-25DF-3300-A9D9-49514CC0A126}"
	ProjectSection(ProjectDependencies) = postProject
		{C2DF4EB2-A0B4-3288-9FED-D4D3888D9D3B} = {C2DF4EB2-A0B4-3288-9FED-D4D3888D9D3B}
	EndProjectSection
EndProject
Project("{8BC9CEB8-8B4A-11D0-8D11-00A0C91BC942}") = "PACKAGE", "PACKAGE.vcxproj", "{EFBA946B-5A32-3410-A2EF-F060EB9081C1}"
	ProjectSection(ProjectDependencies) = postProject
		{3CFE88D4-E3F5-39B2-83C3-8C4096DF5AC4} = {3CFE88D4-E3F5-39B2-83C3-8C4096DF5AC4}
		{C2DF4EB2-A0B4-3288-9FED-D4D3888D9D3B} = {C2DF4EB2-A0B4-3288-9FED-D4D3888D9D3B}
	EndProjectSection
EndProject
Project("{8BC9CEB8-8B4A-11D0-8D11-00A0C91BC942}") = "RUN_TESTS", "RUN_TESTS.vcxproj", "{2283DF1C-6DE3-32EA-8953-164F163CE38B}"
	ProjectSection(ProjectDependencies) = postProject
		{C2DF4EB2-A0B4-3288-9FED-D4D3888D9D3B} = {C2DF4EB2-A0B4-3288-9FED-D4D3888D9D3B}
	EndProjectSection
EndProject
Project("{8BC9CEB8-8B4A-11D0-8D11-00A0C91BC942}") = "ZERO_CHECK", "ZERO_CHECK.vcxproj", "{C2DF4EB2-A0B4-3288-9FED-D4D3888D9D3B}"
	ProjectSection(ProjectDependencies) = postProject
	EndProjectSection
EndProject
Project("{8BC9CEB8-8B4A-11D0-8D11-00A0C91BC942}") = "sigar", "build-src\sigar.vcxproj", "{6A41A5D7-1A84-3EA3-A4DE-CB661167C339}"
	ProjectSection(ProjectDependencies) = postProject
		{C2DF4EB2-A0B4-3288-9FED-D4D3888D9D3B} = {C2DF4EB2-A0B4-3288-9FED-D4D3888D9D3B}
	EndProjectSection
EndProject
Project("{8BC9CEB8-8B4A-11D0-8D11-00A0C91BC942}") = "t_sigar_cpu", "build-tests\t_sigar_cpu.vcxproj", "{2CA46383-215E-37DB-A9D9-4FFFDA17C153}"
	ProjectSection(ProjectDependencies) = postProject
		{C2DF4EB2-A0B4-3288-9FED-D4D3888D9D3B} = {C2DF4EB2-A0B4-3288-9FED-D4D3888D9D3B}
		{6A41A5D7-1A84-3EA3-A4DE-CB661167C339} = {6A41A5D7-1A84-3EA3-A4DE-CB661167C339}
	EndProjectSection
EndProject
Project("{8BC9CEB8-8B4A-11D0-8D11-00A0C91BC942}") = "t_sigar_fs", "build-tests\t_sigar_fs.vcxproj", "{EF0A9020-B72B-3BF4-8207-95B5DF125D58}"
	ProjectSection(ProjectDependencies) = postProject
		{C2DF4EB2-A0B4-3288-9FED-D4D3888D9D3B} = {C2DF4EB2-A0B4-3288-9FED-D4D3888D9D3B}
		{6A41A5D7-1A84-3EA3-A4DE-CB661167C339} = {6A41A5D7-1A84-3EA3-A4DE-CB661167C339}
	EndProjectSection
EndProject
Project("{8BC9CEB8-8B4A-11D0-8D11-00A0C91BC942}") = "t_sigar_loadavg", "build-tests\t_sigar_loadavg.vcxproj", "{F1224917-9CAA-38EA-8E43-43ADD233794D}"
	ProjectSection(ProjectDependencies) = postProject
		{C2DF4EB2-A0B4-3288-9FED-D4D3888D9D3B} = {C2DF4EB2-A0B4-3288-9FED-D4D3888D9D3B}
		{6A41A5D7-1A84-3EA3-A4DE-CB661167C339} = {6A41A5D7-1A84-3EA3-A4DE-CB661167C339}
	EndProjectSection
EndProject
Project("{8BC9CEB8-8B4A-11D0-8D11-00A0C91BC942}") = "t_sigar_mem", "build-tests\t_sigar_mem.vcxproj", "{A640824C-F9D4-3D44-AEAC-47F50EF30E4D}"
	ProjectSection(ProjectDependencies) = postProject
		{C2DF4EB2-A0B4-3288-9FED-D4D3888D9D3B} = {C2DF4EB2-A0B4-3288-9FED-D4D3888D9D3B}
		{6A41A5D7-1A84-3EA3-A4DE-CB661167C339} = {6A41A5D7-1A84-3EA3-A4DE-CB661167C339}
	EndProjectSection
EndProject
Project("{8BC9CEB8-8B4A-11D0-8D11-00A0C91BC942}") = "t_sigar_netconn", "build-tests\t_sigar_netconn.vcxproj", "{F89A6C4B-201D-3EB1-A7AC-63C18302901A}"
	ProjectSection(ProjectDependencies) = postProject
		{C2DF4EB2-A0B4-3288-9FED-D4D3888D9D3B} = {C2DF4EB2-A0B4-3288-9FED-D4D3888D9D3B}
		{6A41A5D7-1A84-3EA3-A4DE-CB661167C339} = {6A41A5D7-1A84-3EA3-A4DE-CB661167C339}
	EndProjectSection
EndProject
Project("{8BC9CEB8-8B4A-11D0-8D11-00A0C91BC942}") = "t_sigar_netif", "build-tests\t_sigar_netif.vcxproj", "{E579959B-396D-3B4D-8134-1CD04FB922E6}"
	ProjectSection(ProjectDependencies) = postProject
		{C2DF4EB2-A0B4-3288-9FED-D4D3888D9D3B} = {C2DF4EB2-A0B4-3288-9FED-D4D3888D9D3B}
		{6A41A5D7-1A84-3EA3-A4DE-CB661167C339} = {6A41A5D7-1A84-3EA3-A4DE-CB661167C339}
	EndProjectSection
EndProject
Project("{8BC9CEB8-8B4A-11D0-8D11-00A0C91BC942}") = "t_sigar_pid", "build-tests\t_sigar_pid.vcxproj", "{C5979CE4-72E6-3435-886E-3D8B6B011E24}"
	ProjectSection(ProjectDependencies) = postProject
		{C2DF4EB2-A0B4-3288-9FED-D4D3888D9D3B} = {C2DF4EB2-A0B4-3288-9FED-D4D3888D9D3B}
		{6A41A5D7-1A84-3EA3-A4DE-CB661167C339} = {6A41A5D7-1A84-3EA3-A4DE-CB661167C339}
	EndProjectSection
EndProject
Project("{8BC9CEB8-8B4A-11D0-8D11-00A0C91BC942}") = "t_sigar_proc", "build-tests\t_sigar_proc.vcxproj", "{FD751BFD-E811-39E5-B9C5-C54DC41F83C8}"
	ProjectSection(ProjectDependencies) = postProject
		{C2DF4EB2-A0B4-3288-9FED-D4D3888D9D3B} = {C2DF4EB2-A0B4-3288-9FED-D4D3888D9D3B}
		{6A41A5D7-1A84-3EA3-A4DE-CB661167C339} = {6A41A5D7-1A84-3EA3-A4DE-CB661167C339}
	EndProjectSection
EndProject
Project("{8BC9CEB8-8B4A-11D0-8D11-00A0C91BC942}") = "t_sigar_reslimit", "build-tests\t_sigar_reslimit.vcxproj", "{489F67E0-288F-33E8-B0DD-D8951FE72D09}"
	ProjectSection(ProjectDependencies) = postProject
		{C2DF4EB2-A0B4-3288-9FED-D4D3888D9D3B} = {C2DF4EB2-A0B4-3288-9FED-D4D3888D9D3B}
		{6A41A5D7-1A84-3EA3-A4DE-CB661167C339} = {6A41A5D7-1A84-3EA3-A4DE-CB661167C339}
	EndProjectSection
EndProject
Project("{8BC9CEB8-8B4A-11D0-8D11-00A0C91BC942}") = "t_sigar_swap", "build-tests\t_sigar_swap.vcxproj", "{15076FD5-CBB2-33A1-B7C8-C73E6209F4C3}"
	ProjectSection(ProjectDependencies) = postProject
		{C2DF4EB2-A0B4-3288-9FED-D4D3888D9D3B} = {C2DF4EB2-A0B4-3288-9FED-D4D3888D9D3B}
		{6A41A5D7-1A84-3EA3-A4DE-CB661167C339} = {6A41A5D7-1A84-3EA3-A4DE-CB661167C339}
	EndProjectSection
EndProject
Project("{8BC9CEB8-8B4A-11D0-8D11-00A0C91BC942}") = "t_sigar_sysinfo", "build-tests\t_sigar_sysinfo.vcxproj", "{017B417B-B58D-38BB-9634-967DA6E6EEED}"
	ProjectSection(ProjectDependencies) = postProject
		{C2DF4EB2-A0B4-3288-9FED-D4D3888D9D3B} = {C2DF4EB2-A0B4-3288-9FED-D4D3888D9D3B}
		{6A41A5D7-1A84-3EA3-A4DE-CB661167C339} = {6A41A5D7-1A84-3EA3-A4DE-CB661167C339}
	EndProjectSection
EndProject
Project("{8BC9CEB8-8B4A-11D0-8D11-00A0C91BC942}") = "t_sigar_uptime", "build-tests\t_sigar_uptime.vcxproj", "{AA2C8DBA-AF81-3361-BA32-8856E8DFBCC2}"
	ProjectSection(ProjectDependencies) = postProject
		{C2DF4EB2-A0B4-3288-9FED-D4D3888D9D3B} = {C2DF4EB2-A0B4-3288-9FED-D4D3888D9D3B}
		{6A41A5D7-1A84-3EA3-A4DE-CB661167C339} = {6A41A5D7-1A84-3EA3-A4DE-CB661167C339}
	EndProjectSection
EndProject
Global
	GlobalSection(SolutionConfigurationPlatforms) = preSolution
		Debug|Win32 = Debug|Win32
		Release|Win32 = Release|Win32
		MinSizeRel|Win32 = MinSizeRel|Win32
		RelWithDebInfo|Win32 = RelWithDebInfo|Win32
	EndGlobalSection
	GlobalSection(ProjectConfigurationPlatforms) = postSolution
		{3CFE88D4-E3F5-39B2-83C3-8C4096DF5AC4}.Debug|Win32.ActiveCfg = Debug|Win32
		{3CFE88D4-E3F5-39B2-83C3-8C4096DF5AC4}.Debug|Win32.Build.0 = Debug|Win32
		{3CFE88D4-E3F5-39B2-83C3-8C4096DF5AC4}.Release|Win32.ActiveCfg = Release|Win32
		{3CFE88D4-E3F5-39B2-83C3-8C4096DF5AC4}.Release|Win32.Build.0 = Release|Win32
		{3CFE88D4-E3F5-39B2-83C3-8C4096DF5AC4}.MinSizeRel|Win32.ActiveCfg = MinSizeRel|Win32
		{3CFE88D4-E3F5-39B2-83C3-8C4096DF5AC4}.MinSizeRel|Win32.Build.0 = MinSizeRel|Win32
		{3CFE88D4-E3F5-39B2-83C3-8C4096DF5AC4}.RelWithDebInfo|Win32.ActiveCfg = RelWithDebInfo|Win32
		{3CFE88D4-E3F5-39B2-83C3-8C4096DF5AC4}.RelWithDebInfo|Win32.Build.0 = RelWithDebInfo|Win32
		{A2A0476A-0E49-3734-A8C8-0ED0B8A0626D}.Debug|Win32.ActiveCfg = Debug|Win32
		{A2A0476A-0E49-3734-A8C8-0ED0B8A0626D}.Release|Win32.ActiveCfg = Release|Win32
		{A2A0476A-0E49-3734-A8C8-0ED0B8A0626D}.MinSizeRel|Win32.ActiveCfg = MinSizeRel|Win32
		{A2A0476A-0E49-3734-A8C8-0ED0B8A0626D}.RelWithDebInfo|Win32.ActiveCfg = RelWithDebInfo|Win32
		{384E5EF8-939D-3D6E-A975-2235B03A788F}.Debug|Win32.ActiveCfg = Debug|Win32
		{384E5EF8-939D-3D6E-A975-2235B03A788F}.Release|Win32.ActiveCfg = Release|Win32
		{384E5EF8-939D-3D6E-A975-2235B03A788F}.MinSizeRel|Win32.ActiveCfg = MinSizeRel|Win32
		{384E5EF8-939D-3D6E-A975-2235B03A788F}.RelWithDebInfo|Win32.ActiveCfg = RelWithDebInfo|Win32
		{6CBB0E13-36D3-301B-92F1-7844FA528AB7}.Debug|Win32.ActiveCfg = Debug|Win32
		{6CBB0E13-36D3-301B-92F1-7844FA528AB7}.Release|Win32.ActiveCfg = Release|Win32
		{6CBB0E13-36D3-301B-92F1-7844FA528AB7}.MinSizeRel|Win32.ActiveCfg = MinSizeRel|Win32
		{6CBB0E13-36D3-301B-92F1-7844FA528AB7}.RelWithDebInfo|Win32.ActiveCfg = RelWithDebInfo|Win32
		{1EC69003-A14E-31ED-A277-BB35196DE39D}.Debug|Win32.ActiveCfg = Debug|Win32
		{1EC69003-A14E-31ED-A277-BB35196DE39D}.Release|Win32.ActiveCfg = Release|Win32
		{1EC69003-A14E-31ED-A277-BB35196DE39D}.MinSizeRel|Win32.ActiveCfg = MinSizeRel|Win32
		{1EC69003-A14E-31ED-A277-BB35196DE39D}.RelWithDebInfo|Win32.ActiveCfg = RelWithDebInfo|Win32
		{2673747C-25DF-3300-A9D9-49514CC0A126}.Debug|Win32.ActiveCfg = Debug|Win32
		{2673747C-25DF-3300-A9D9-49514CC0A126}.Release|Win32.ActiveCfg = Release|Win32
		{2673747C-25DF-3300-A9D9-49514CC0A126}.MinSizeRel|Win32.ActiveCfg = MinSizeRel|Win32
		{2673747C-25DF-3300-A9D9-49514CC0A126}.RelWithDebInfo|Win32.ActiveCfg = RelWithDebInfo|Win32
		{EFBA946B-5A32-3410-A2EF-F060EB9081C1}.Debug|Win32.ActiveCfg = Debug|Win32
		{EFBA946B-5A32-3410-A2EF-F060EB9081C1}.Release|Win32.ActiveCfg = Release|Win32
		{EFBA946B-5A32-3410-A2EF-F060EB9081C1}.MinSizeRel|Win32.ActiveCfg = MinSizeRel|Win32
		{EFBA946B-5A32-3410-A2EF-F060EB9081C1}.RelWithDebInfo|Win32.ActiveCfg = RelWithDebInfo|Win32
		{2283DF1C-6DE3-32EA-8953-164F163CE38B}.Debug|Win32.ActiveCfg = Debug|Win32
		{2283DF1C-6DE3-32EA-8953-164F163CE38B}.Release|Win32.ActiveCfg = Release|Win32
		{2283DF1C-6DE3-32EA-8953-164F163CE38B}.MinSizeRel|Win32.ActiveCfg = MinSizeRel|Win32
		{2283DF1C-6DE3-32EA-8953-164F163CE38B}.RelWithDebInfo|Win32.ActiveCfg = RelWithDebInfo|Win32
		{C2DF4EB2-A0B4-3288-9FED-D4D3888D9D3B}.Debug|Win32.ActiveCfg = Debug|Win32
		{C2DF4EB2-A0B4-3288-9FED-D4D3888D9D3B}.Debug|Win32.Build.0 = Debug|Win32
		{C2DF4EB2-A0B4-3288-9FED-D4D3888D9D3B}.Release|Win32.ActiveCfg = Release|Win32
		{C2DF4EB2-A0B4-3288-9FED-D4D3888D9D3B}.Release|Win32.Build.0 = Release|Win32
		{C2DF4EB2-A0B4-3288-9FED-D4D3888D9D3B}.MinSizeRel|Win32.ActiveCfg = MinSizeRel|Win32
		{C2DF4EB2-A0B4-3288-9FED-D4D3888D9D3B}.MinSizeRel|Win32.Build.0 = MinSizeRel|Win32
		{C2DF4EB2-A0B4-3288-9FED-D4D3888D9D3B}.RelWithDebInfo|Win32.ActiveCfg = RelWithDebInfo|Win32
		{C2DF4EB2-A0B4-3288-9FED-D4D3888D9D3B}.RelWithDebInfo|Win32.Build.0 = RelWithDebInfo|Win32
		{6A41A5D7-1A84-3EA3-A4DE-CB661167C339}.Debug|Win32.ActiveCfg = Debug|Win32
		{6A41A5D7-1A84-3EA3-A4DE-CB661167C339}.Debug|Win32.Build.0 = Debug|Win32
		{6A41A5D7-1A84-3EA3-A4DE-CB661167C339}.Release|Win32.ActiveCfg = Release|Win32
		{6A41A5D7-1A84-3EA3-A4DE-CB661167C339}.Release|Win32.Build.0 = Release|Win32
		{6A41A5D7-1A84-3EA3-A4DE-CB661167C339}.MinSizeRel|Win32.ActiveCfg = MinSizeRel|Win32
		{6A41A5D7-1A84-3EA3-A4DE-CB661167C339}.MinSizeRel|Win32.Build.0 = MinSizeRel|Win32
		{6A41A5D7-1A84-3EA3-A4DE-CB661167C339}.RelWithDebInfo|Win32.ActiveCfg = RelWithDebInfo|Win32
		{6A41A5D7-1A84-3EA3-A4DE-CB661167C339}.RelWithDebInfo|Win32.Build.0 = RelWithDebInfo|Win32
		{2CA46383-215E-37DB-A9D9-4FFFDA17C153}.Debug|Win32.ActiveCfg = Debug|Win32
		{2CA46383-215E-37DB-A9D9-4FFFDA17C153}.Debug|Win32.Build.0 = Debug|Win32
		{2CA46383-215E-37DB-A9D9-4FFFDA17C153}.Release|Win32.ActiveCfg = Release|Win32
		{2CA46383-215E-37DB-A9D9-4FFFDA17C153}.Release|Win32.Build.0 = Release|Win32
		{2CA46383-215E-37DB-A9D9-4FFFDA17C153}.MinSizeRel|Win32.ActiveCfg = MinSizeRel|Win32
		{2CA46383-215E-37DB-A9D9-4FFFDA17C153}.MinSizeRel|Win32.Build.0 = MinSizeRel|Win32
		{2CA46383-215E-37DB-A9D9-4FFFDA17C153}.RelWithDebInfo|Win32.ActiveCfg = RelWithDebInfo|Win32
		{2CA46383-215E-37DB-A9D9-4FFFDA17C153}.RelWithDebInfo|Win32.Build.0 = RelWithDebInfo|Win32
		{EF0A9020-B72B-3BF4-8207-95B5DF125D58}.Debug|Win32.ActiveCfg = Debug|Win32
		{EF0A9020-B72B-3BF4-8207-95B5DF125D58}.Debug|Win32.Build.0 = Debug|Win32
		{EF0A9020-B72B-3BF4-8207-95B5DF125D58}.Release|Win32.ActiveCfg = Release|Win32
		{EF0A9020-B72B-3BF4-8207-95B5DF125D58}.Release|Win32.Build.0 = Release|Win32
		{EF0A9020-B72B-3BF4-8207-95B5DF125D58}.MinSizeRel|Win32.ActiveCfg = MinSizeRel|Win32
		{EF0A9020-B72B-3BF4-8207-95B5DF125D58}.MinSizeRel|Win32.Build.0 = MinSizeRel|Win32
		{EF0A9020-B72B-3BF4-8207-95B5DF125D58}.RelWithDebInfo|Win32.ActiveCfg = RelWithDebInfo|Win32
		{EF0A9020-B72B-3BF4-8207-95B5DF125D58}.RelWithDebInfo|Win32.Build.0 = RelWithDebInfo|Win32
		{F1224917-9CAA-38EA-8E43-43ADD233794D}.Debug|Win32.ActiveCfg = Debug|Win32
		{F1224917-9CAA-38EA-8E43-43ADD233794D}.Debug|Win32.Build.0 = Debug|Win32
		{F1224917-9CAA-38EA-8E43-43ADD233794D}.Release|Win32.ActiveCfg = Release|Win32
		{F1224917-9CAA-38EA-8E43-43ADD233794D}.Release|Win32.Build.0 = Release|Win32
		{F1224917-9CAA-38EA-8E43-43ADD233794D}.MinSizeRel|Win32.ActiveCfg = MinSizeRel|Win32
		{F1224917-9CAA-38EA-8E43-43ADD233794D}.MinSizeRel|Win32.Build.0 = MinSizeRel|Win32
		{F1224917-9CAA-38EA-8E43-43ADD233794D}.RelWithDebInfo|Win32.ActiveCfg = RelWithDebInfo|Win32
		{F1224917-9CAA-38EA-8E43-43ADD233794D}.RelWithDebInfo|Win32.Build.0 = RelWithDebInfo|Win32
		{A640824C-F9D4-3D44-AEAC-47F50EF30E4D}.Debug|Win32.ActiveCfg = Debug|Win32
		{A640824C-F9D4-3D44-AEAC-47F50EF30E4D}.Debug|Win32.Build.0 = Debug|Win32
		{A640824C-F9D4-3D44-AEAC-47F50EF30E4D}.Release|Win32.ActiveCfg = Release|Win32
		{A640824C-F9D4-3D44-AEAC-47F50EF30E4D}.Release|Win32.Build.0 = Release|Win32
		{A640824C-F9D4-3D44-AEAC-47F50EF30E4D}.MinSizeRel|Win32.ActiveCfg = MinSizeRel|Win32
		{A640824C-F9D4-3D44-AEAC-47F50EF30E4D}.MinSizeRel|Win32.Build.0 = MinSizeRel|Win32
		{A640824C-F9D4-3D44-AEAC-47F50EF30E4D}.RelWithDebInfo|Win32.ActiveCfg = RelWithDebInfo|Win32
		{A640824C-F9D4-3D44-AEAC-47F50EF30E4D}.RelWithDebInfo|Win32.Build.0 = RelWithDebInfo|Win32
		{F89A6C4B-201D-3EB1-A7AC-63C18302901A}.Debug|Win32.ActiveCfg = Debug|Win32
		{F89A6C4B-201D-3EB1-A7AC-63C18302901A}.Debug|Win32.Build.0 = Debug|Win32
		{F89A6C4B-201D-3EB1-A7AC-63C18302901A}.Release|Win32.ActiveCfg = Release|Win32
		{F89A6C4B-201D-3EB1-A7AC-63C18302901A}.Release|Win32.Build.0 = Release|Win32
		{F89A6C4B-201D-3EB1-A7AC-63C18302901A}.MinSizeRel|Win32.ActiveCfg = MinSizeRel|Win32
		{F89A6C4B-201D-3EB1-A7AC-63C18302901A}.MinSizeRel|Win32.Build.0 = MinSizeRel|Win32
		{F89A6C4B-201D-3EB1-A7AC-63C18302901A}.RelWithDebInfo|Win32.ActiveCfg = RelWithDebInfo|Win32
		{F89A6C4B-201D-3EB1-A7AC-63C18302901A}.RelWithDebInfo|Win32.Build.0 = RelWithDebInfo|Win32
		{E579959B-396D-3B4D-8134-1CD04FB922E6}.Debug|Win32.ActiveCfg = Debug|Win32
		{E579959B-396D-3B4D-8134-1CD04FB922E6}.Debug|Win32.Build.0 = Debug|Win32
		{E579959B-396D-3B4D-8134-1CD04FB922E6}.Release|Win32.ActiveCfg = Release|Win32
		{E579959B-396D-3B4D-8134-1CD04FB922E6}.Release|Win32.Build.0 = Release|Win32
		{E579959B-396D-3B4D-8134-1CD04FB922E6}.MinSizeRel|Win32.ActiveCfg = MinSizeRel|Win32
		{E579959B-396D-3B4D-8134-1CD04FB922E6}.MinSizeRel|Win32.Build.0 = MinSizeRel|Win32
		{E579959B-396D-3B4D-8134-1CD04FB922E6}.RelWithDebInfo|Win32.ActiveCfg = RelWithDebInfo|Win32
		{E579959B-396D-3B4D-8134-1CD04FB922E6}.RelWithDebInfo|Win32.Build.0 = RelWithDebInfo|Win32
		{C5979CE4-72E6-3435-886E-3D8B6B011E24}.Debug|Win32.ActiveCfg = Debug|Win32
		{C5979CE4-72E6-3435-886E-3D8B6B011E24}.Debug|Win32.Build.0 = Debug|Win32
		{C5979CE4-72E6-3435-886E-3D8B6B011E24}.Release|Win32.ActiveCfg = Release|Win32
		{C5979CE4-72E6-3435-886E-3D8B6B011E24}.Release|Win32.Build.0 = Release|Win32
		{C5979CE4-72E6-3435-886E-3D8B6B011E24}.MinSizeRel|Win32.ActiveCfg = MinSizeRel|Win32
		{C5979CE4-72E6-3435-886E-3D8B6B011E24}.MinSizeRel|Win32.Build.0 = MinSizeRel|Win32
		{C5979CE4-72E6-3435-886E-3D8B6B011E24}.RelWithDebInfo|Win32.ActiveCfg = RelWithDebInfo|Win32
		{C5979CE4-72E6-3435-886E-3D8B6B011E24}.RelWithDebInfo|Win32.Build.0 = RelWithDebInfo|Win32
		{FD751BFD-E811-39E5-B9C5-C54DC41F83C8}.Debug|Win32.ActiveCfg = Debug|Win32
		{FD751BFD-E811-39E5-B9C5-C54DC41F83C8}.Debug|Win32.Build.0 = Debug|Win32
		{FD751BFD-E811-39E5-B9C5-C54DC41F83C8}.Release|Win32.ActiveCfg = Release|Win32
		{FD751BFD-E811-39E5-B9C5-C54DC41F83C8}.Release|Win32.Build.0 = Release|Win32
		{FD751BFD-E811-39E5-B9C5-C54DC41F83C8}.MinSizeRel|Win32.ActiveCfg = MinSizeRel|Win32
		{FD751BFD-E811-39E5-B9C5-C54DC41F83C8}.MinSizeRel|Win32.Build.0 = MinSizeRel|Win32
		{FD751BFD-E811-39E5-B9C5-C54DC41F83C8}.RelWithDebInfo|Win32.ActiveCfg = RelWithDebInfo|Win32
		{FD751BFD-E811-39E5-B9C5-C54DC41F83C8}.RelWithDebInfo|Win32.Build.0 = RelWithDebInfo|Win32
		{489F67E0-288F-33E8-B0DD-D8951FE72D09}.Debug|Win32.ActiveCfg = Debug|Win32
		{489F67E0-288F-33E8-B0DD-D8951FE72D09}.Debug|Win32.Build.0 = Debug|Win32
		{489F67E0-288F-33E8-B0DD-D8951FE72D09}.Release|Win32.ActiveCfg = Release|Win32
		{489F67E0-288F-33E8-B0DD-D8951FE72D09}.Release|Win32.Build.0 = Release|Win32
		{489F67E0-288F-33E8-B0DD-D8951FE72D09}.MinSizeRel|Win32.ActiveCfg = MinSizeRel|Win32
		{489F67E0-288F-33E8-B0DD-D8951FE72D09}.MinSizeRel|Win32.Build.0 = MinSizeRel|Win32
		{489F67E0-288F-33E8-B0DD-D8951FE72D09}.RelWithDebInfo|Win32.ActiveCfg = RelWithDebInfo|Win32
		{489F67E0-288F-33E8-B0DD-D8951FE72D09}.RelWithDebInfo|Win32.Build.0 = RelWithDebInfo|Win32
		{15076FD5-CBB2-33A1-B7C8-C73E6209F4C3}.Debug|Win32.ActiveCfg = Debug|Win32
		{15076FD5-CBB2-33A1-B7C8-C73E6209F4C3}.Debug|Win32.Build.0 = Debug|Win32
		{15076FD5-CBB2-33A1-B7C8-C73E6209F4C3}.Release|Win32.ActiveCfg = Release|Win32
		{15076FD5-CBB2-33A1-B7C8-C73E6209F4C3}.Release|Win32.Build.0 = Release|Win32
		{15076FD5-CBB2-33A1-B7C8-C73E6209F4C3}.MinSizeRel|Win32.ActiveCfg = MinSizeRel|Win32
		{15076FD5-CBB2-33A1-B7C8-C73E6209F4C3}.MinSizeRel|Win32.Build.0 = MinSizeRel|Win32
		{15076FD5-CBB2-33A1-B7C8-C73E6209F4C3}.RelWithDebInfo|Win32.ActiveCfg = RelWithDebInfo|Win32
		{15076FD5-CBB2-33A1-B7C8-C73E6209F4C3}.RelWithDebInfo|Win32.Build.0 = RelWithDebInfo|Win32
		{017B417B-B58D-38BB-9634-967DA6E6EEED}.Debug|Win32.ActiveCfg = Debug|Win32
		{017B417B-B58D-38BB-9634-967DA6E6EEED}.Debug|Win32.Build.0 = Debug|Win32
		{017B417B-B58D-38BB-9634-967DA6E6EEED}.Release|Win32.ActiveCfg = Release|Win32
		{017B417B-B58D-38BB-9634-967DA6E6EEED}.Release|Win32.Build.0 = Release|Win32
		{017B417B-B58D-38BB-9634-967DA6E6EEED}.MinSizeRel|Win32.ActiveCfg = MinSizeRel|Win32
		{017B417B-B58D-38BB-9634-967DA6E6EEED}.MinSizeRel|Win32.Build.0 = MinSizeRel|Win32
		{017B417B-B58D-38BB-9634-967DA6E6EEED}.RelWithDebInfo|Win32.ActiveCfg = RelWithDebInfo|Win32
		{017B417B-B58D-38BB-9634-967DA6E6EEED}.RelWithDebInfo|Win32.Build.0 = RelWithDebInfo|Win32
		{AA2C8DBA-AF81-3361-BA32-8856E8DFBCC2}.Debug|Win32.ActiveCfg = Debug|Win32
		{AA2C8DBA-AF81-3361-BA32-8856E8DFBCC2}.Debug|Win32.Build.0 = Debug|Win32
		{AA2C8DBA-AF81-3361-BA32-8856E8DFBCC2}.Release|Win32.ActiveCfg = Release|Win32
		{AA2C8DBA-AF81-3361-BA32-8856E8DFBCC2}.Release|Win32.Build.0 = Release|Win32
		{AA2C8DBA-AF81-3361-BA32-8856E8DFBCC2}.MinSizeRel|Win32.ActiveCfg = MinSizeRel|Win32
		{AA2C8DBA-AF81-3361-BA32-8856E8DFBCC2}.MinSizeRel|Win32.Build.0 = MinSizeRel|Win32
		{AA2C8DBA-AF81-3361-BA32-8856E8DFBCC2}.RelWithDebInfo|Win32.ActiveCfg = RelWithDebInfo|Win32
		{AA2C8DBA-AF81-3361-BA32-8856E8DFBCC2}.RelWithDebInfo|Win32.Build.0 = RelWithDebInfo|Win32
	EndGlobalSection
	GlobalSection(ExtensibilityGlobals) = postSolution
		SolutionGuid = {4EC9FC5E-D65F-3806-A705-FE7599B8F954}
	EndGlobalSection
	GlobalSection(ExtensibilityAddIns) = postSolution
	EndGlobalSection
EndGlobal
