<?xml version="1.0" encoding="utf-8"?>
<Project ToolsVersion="16.0" xmlns="http://schemas.microsoft.com/developer/msbuild/2003">
  <ItemGroup>
    <CustomBuild Include="C:\Users\BorutJegrisnik\source\repos\sigar\CMakeFiles\288a34b82cc788d9c68c4de21346560d\PACKAGE_force.rule">
      <Filter>CMake Rules</Filter>
    </CustomBuild>
  </ItemGroup>
  <ItemGroup>
    <Filter Include="CMake Rules">
      <UniqueIdentifier>{F62AE5D2-1403-3465-824D-DE109E56EB32}</UniqueIdentifier>
    </Filter>
  </ItemGroup>
</Project>
